NeoBundleLock vim-css3-syntax a292f07fbfaff7f11969b6411e4d8e602da9544e
NeoBundleLock tern_for_vim c677b663adc1e34f4419c70f278dc78d017e673b
NeoBundleLock open-browser.vim 34f999c808f2bf8ab89acb8d130ff44ab0df2f91
NeoBundleLock unite.vim cec560e4b2cc8f0dab14a3d18dca1885b333b6b3
NeoBundleLock caw.vim 20b15cfe78ac5cde0e17b495e9256fe1b4577987
NeoBundleLock neocomplete 2965282216a28dbbcfe3774e52e55e7eea993a8f
NeoBundleLock jellybeans.vim 0761708c890becd3e027551068e0ae272da003e0
NeoBundleLock vim-surround fa433e0b7330753688f715f3be5d10dc480f20e5
NeoBundleLock emmet-vim 8b9bcac7a03cabc0cd7cace8bb00b8c22884d98e
NeoBundleLock tcomment_vim 5fc66e067a9450c493de65b60e53435491212201
NeoBundleLock nerdtree 3b98a7fcae8f9fff356907171f0406ff8cd28921
NeoBundleLock vim-browsereload-mac b73cc98c18c28869ed99562f6a3c142cb2906029
NeoBundleLock vim-coffee-script 827e4a38b07479433b619091469a7495a392df8a
NeoBundleLock neobundle.vim 7fce7a42dc387f9472222a87ed361eeb9dc1e51d
NeoBundleLock html5.vim 9bfa00bdb3fdca07c490b527e5e6ec6c4b017d3b
NeoBundleLock webapi-vim a7789abffe936db56e3152e23733847f94755753
