NeoBundleLock vimproc 0f68bcd93399ecbcde3eaa4efd09107314c9bdee
NeoBundleLock vim-endwise bba43b831ae0485cf9b86d16340a6a314b927391
NeoBundleLock vim-easymotion 5e2a774d865212a73794bbdc17a1162efd24bd66
NeoBundleLock neobundle.vim 7fce7a42dc387f9472222a87ed361eeb9dc1e51d
NeoBundleLock jellybeans.vim 0761708c890becd3e027551068e0ae272da003e0
NeoBundleLock neomru.vim 24f9185ca019f3b8f4896929c6bf5148f982f344
NeoBundleLock emmet-vim 8b9bcac7a03cabc0cd7cace8bb00b8c22884d98e
NeoBundleLock unite.vim cec560e4b2cc8f0dab14a3d18dca1885b333b6b3
NeoBundleLock vim-autoclose a9a3b7384657bc1f60a963fd6c08c63fc48d61c3
NeoBundleLock caw.vim 20b15cfe78ac5cde0e17b495e9256fe1b4577987
NeoBundleLock neocomplete 2965282216a28dbbcfe3774e52e55e7eea993a8f
